
Microsoft Visual Studio Solution File, Format Version 12.00
# Visual Studio Version 16
VisualStudioVersion = 16.0.31911.196
MinimumVisualStudioVersion = 10.0.40219.1
Project("{FAE04EC0-301F-11D3-BF4B-00C04F79EFBC}") = "Unkillable Process", "Unkillable Process\Unkillable Process.csproj", "{20AD4C27-BBCE-414A-B18D-599CD02C8D14}"
EndProject
Global
	GlobalSection(SolutionConfigurationPlatforms) = preSolution
		Debug|Any CPU = Debug|Any CPU
		Release|Any CPU = Release|Any CPU
	EndGlobalSection
	GlobalSection(ProjectConfigurationPlatforms) = postSolution
		{20AD4C27-BBCE-414A-B18D-599CD02C8D14}.Debug|Any CPU.ActiveCfg = Debug|Any CPU
		{20AD4C27-BBCE-414A-B18D-599CD02C8D14}.Debug|Any CPU.Build.0 = Debug|Any CPU
		{20AD4C27-BBCE-414A-B18D-599CD02C8D14}.Release|Any CPU.ActiveCfg = Release|Any CPU
		{20AD4C27-BBCE-414A-B18D-599CD02C8D14}.Release|Any CPU.Build.0 = Release|Any CPU
	EndGlobalSection
	GlobalSection(SolutionProperties) = preSolution
		HideSolutionNode = FALSE
	EndGlobalSection
	GlobalSection(ExtensibilityGlobals) = postSolution
		SolutionGuid = {649EB627-A649-4E8E-850F-6674EC8742F6}
	EndGlobalSection
EndGlobal
